
Microsoft Visual Studio Solution File, Format Version 12.00
Project("{FAE04EC0-301F-11D3-BF4B-00C04F79EFBC}") = "AdventOfCode24", "AdventOfCode24\AdventOfCode24.csproj", "{A7C9B75B-7F99-4CB6-951A-91CBCF25220A}"
EndProject
Global
	GlobalSection(SolutionConfigurationPlatforms) = preSolution
		Debug|Any CPU = Debug|Any CPU
		Release|Any CPU = Release|Any CPU
	EndGlobalSection
	GlobalSection(ProjectConfigurationPlatforms) = postSolution
		{A7C9B75B-7F99-4CB6-951A-91CBCF25220A}.Debug|Any CPU.ActiveCfg = Debug|Any CPU
		{A7C9B75B-7F99-4CB6-951A-91CBCF25220A}.Debug|Any CPU.Build.0 = Debug|Any CPU
		{A7C9B75B-7F99-4CB6-951A-91CBCF25220A}.Release|Any CPU.ActiveCfg = Release|Any CPU
		{A7C9B75B-7F99-4CB6-951A-91CBCF25220A}.Release|Any CPU.Build.0 = Release|Any CPU
	EndGlobalSection
EndGlobal
